
Microsoft Visual Studio Solution File, Format Version 12.00
# Visual Studio 14
VisualStudioVersion = 14.0.23107.0
MinimumVisualStudioVersion = 10.0.40219.1
Project("{FAE04EC0-301F-11D3-BF4B-00C04F79EFBC}") = "githubdater-core", "githubdater-core\githubdater-core.csproj", "{220C97B1-E5FD-4CF2-8457-55650E854CD7}"
EndProject
Project("{FAE04EC0-301F-11D3-BF4B-00C04F79EFBC}") = "githubdater-app", "githubdater-app\githubdater-app.csproj", "{382B61F0-A479-4B4E-907F-B6392EFA1B67}"
EndProject
Global
	GlobalSection(SolutionConfigurationPlatforms) = preSolution
		Debug|Any CPU = Debug|Any CPU
		Release|Any CPU = Release|Any CPU
	EndGlobalSection
	GlobalSection(ProjectConfigurationPlatforms) = postSolution
		{220C97B1-E5FD-4CF2-8457-55650E854CD7}.Debug|Any CPU.ActiveCfg = Debug|Any CPU
		{220C97B1-E5FD-4CF2-8457-55650E854CD7}.Debug|Any CPU.Build.0 = Debug|Any CPU
		{220C97B1-E5FD-4CF2-8457-55650E854CD7}.Release|Any CPU.ActiveCfg = Release|Any CPU
		{220C97B1-E5FD-4CF2-8457-55650E854CD7}.Release|Any CPU.Build.0 = Release|Any CPU
		{382B61F0-A479-4B4E-907F-B6392EFA1B67}.Debug|Any CPU.ActiveCfg = Debug|Any CPU
		{382B61F0-A479-4B4E-907F-B6392EFA1B67}.Debug|Any CPU.Build.0 = Debug|Any CPU
		{382B61F0-A479-4B4E-907F-B6392EFA1B67}.Release|Any CPU.ActiveCfg = Release|Any CPU
		{382B61F0-A479-4B4E-907F-B6392EFA1B67}.Release|Any CPU.Build.0 = Release|Any CPU
	EndGlobalSection
	GlobalSection(SolutionProperties) = preSolution
		HideSolutionNode = FALSE
	EndGlobalSection
EndGlobal
